
Microsoft Visual Studio Solution File, Format Version 12.00
# Visual Studio Version 17
VisualStudioVersion = 17.0.31903.59
MinimumVisualStudioVersion = 10.0.40219.1
Project("{2150E333-8FDC-42A3-9474-1A3956D46DE8}") = "Backend", "Backend", "{1AE8ACA6-933B-BF2A-3671-3E2EAC007D16}"
EndProject
Project("{2150E333-8FDC-42A3-9474-1A3956D46DE8}") = "src", "src", "{0F9113EE-888A-26D2-68B0-4A7D0A2A8745}"
EndProject
Project("{2150E333-8FDC-42A3-9474-1A3956D46DE8}") = "Bootstrap", "Bootstrap", "{425C250F-E816-845E-44C6-3AC07E40729B}"
EndProject
Project("{FAE04EC0-301F-11D3-BF4B-00C04F79EFBC}") = "FlightDex.Api", "Backend\src\Bootstrap\FlightDex.Api\FlightDex.Api.csproj", "{157B6BC3-BC5D-4891-9851-8DA79AA45012}"
EndProject
Project("{2150E333-8FDC-42A3-9474-1A3956D46DE8}") = "Modules", "Modules", "{E67A9407-3F77-8E1E-44C0-D60C1E808A95}"
EndProject
Project("{2150E333-8FDC-42A3-9474-1A3956D46DE8}") = "Timetable", "Timetable", "{7C232B9E-AA35-B6C2-1ABE-463A14722494}"
EndProject
Project("{FAE04EC0-301F-11D3-BF4B-00C04F79EFBC}") = "FlightDex.Timetable.Infrastructure", "Backend\src\Modules\Timetable\FlightDex.Timetable.Infrastructure\FlightDex.Timetable.Infrastructure.csproj", "{BF513C16-8E4C-403D-B44B-496D2E5F1C58}"
EndProject
Project("{FAE04EC0-301F-11D3-BF4B-00C04F79EFBC}") = "FlightDex.Timetable.Application", "Backend\src\Modules\Timetable\FlightDex.Timetable.Application\FlightDex.Timetable.Application.csproj", "{10055AB8-59EA-4240-A079-465408A1CD07}"
EndProject
Project("{FAE04EC0-301F-11D3-BF4B-00C04F79EFBC}") = "FlightDex.Timetable.Domain", "Backend\src\Modules\Timetable\FlightDex.Timetable.Domain\FlightDex.Timetable.Domain.csproj", "{F3958B61-BA70-4FD6-B29F-AAFB987796EE}"
EndProject
Project("{2150E333-8FDC-42A3-9474-1A3956D46DE8}") = "Shared", "Shared", "{76B2555C-40C5-6DDC-AC62-1CD480198F1A}"
EndProject
Project("{FAE04EC0-301F-11D3-BF4B-00C04F79EFBC}") = "FlightDex.SharedKernel", "Backend\src\Shared\FlightDex.SharedKernel\FlightDex.SharedKernel.csproj", "{46C76B23-0B36-4DF1-A5B0-E0A91BBB101D}"
EndProject
Project("{FAE04EC0-301F-11D3-BF4B-00C04F79EFBC}") = "FlightDex.IntegrationEvents", "Backend\src\Shared\FlightDex.IntegrationEvents\FlightDex.IntegrationEvents.csproj", "{5B775011-2446-413E-9214-DD27F4119C9E}"
EndProject
Project("{2150E333-8FDC-42A3-9474-1A3956D46DE8}") = "Routing", "Routing", "{CE56B176-1D5C-C088-ADA7-945AB1CBA179}"
EndProject
Project("{FAE04EC0-301F-11D3-BF4B-00C04F79EFBC}") = "FlightDex.Routing.Application", "Backend\src\Modules\Routing\FlightDex.Routing.Application\FlightDex.Routing.Application.csproj", "{7B33B06F-ADA6-4D92-AB64-93F456BDD611}"
EndProject
Project("{FAE04EC0-301F-11D3-BF4B-00C04F79EFBC}") = "FlightDex.Routing.Domain", "Backend\src\Modules\Routing\FlightDex.Routing.Domain\FlightDex.Routing.Domain.csproj", "{A4395A63-5ED0-4020-A5DD-BB6F3451F73A}"
EndProject
Project("{2150E333-8FDC-42A3-9474-1A3956D46DE8}") = "Locations", "Locations", "{55A2B642-38B0-92F8-BE2F-C6DE7635A763}"
EndProject
Project("{FAE04EC0-301F-11D3-BF4B-00C04F79EFBC}") = "FlightDex.Locations.Application", "Backend\src\Modules\Locations\FlightDex.Locations.Application\FlightDex.Locations.Application.csproj", "{7E8DE73C-E489-40D6-A6A3-03B80650ED50}"
EndProject
Project("{FAE04EC0-301F-11D3-BF4B-00C04F79EFBC}") = "FlightDex.Locations.Domain", "Backend\src\Modules\Locations\FlightDex.Locations.Domain\FlightDex.Locations.Domain.csproj", "{12CCDD6F-2F96-4046-8521-B0CF0E2D18B5}"
EndProject
Project("{FAE04EC0-301F-11D3-BF4B-00C04F79EFBC}") = "FlightDex.Routing.Infrastructure", "Backend\src\Modules\Routing\FlightDex.Routing.Infrastructure\FlightDex.Routing.Infrastructure.csproj", "{60DAB4C6-A44D-43BF-96CF-306AA7A40762}"
EndProject
Project("{FAE04EC0-301F-11D3-BF4B-00C04F79EFBC}") = "FlightDex.Locations.Infrastructure", "Backend\src\Modules\Locations\FlightDex.Locations.Infrastructure\FlightDex.Locations.Infrastructure.csproj", "{A22D1777-F42B-4F51-B390-3536437F9ACD}"
EndProject
Project("{2150E333-8FDC-42A3-9474-1A3956D46DE8}") = "tests", "tests", "{F57642F3-C37C-D174-720E-6A6AAD5BEE22}"
EndProject
Project("{FAE04EC0-301F-11D3-BF4B-00C04F79EFBC}") = "FlightDex.Locations.Tests", "Backend\tests\FlightDex.Locations.Tests\FlightDex.Locations.Tests.csproj", "{4487F2FC-2DAD-4EE9-AE0F-9BB1AE6DFE56}"
EndProject
Project("{FAE04EC0-301F-11D3-BF4B-00C04F79EFBC}") = "FlightDex.Routing.Tests", "Backend\tests\FlightDex.Routing.Tests\FlightDex.Routing.Tests.csproj", "{CC8C2B41-C59B-403F-8AC9-CD00FCE0785B}"
EndProject
Project("{FAE04EC0-301F-11D3-BF4B-00C04F79EFBC}") = "FlightDex.Timetable.Tests", "Backend\tests\FlightDex.Timetable.Tests\FlightDex.Timetable.Tests.csproj", "{8A229166-A2AF-4B15-9F71-06FFA18D1451}"
EndProject
Global
	GlobalSection(SolutionConfigurationPlatforms) = preSolution
		Debug|Any CPU = Debug|Any CPU
		Debug|x64 = Debug|x64
		Debug|x86 = Debug|x86
		Release|Any CPU = Release|Any CPU
		Release|x64 = Release|x64
		Release|x86 = Release|x86
	EndGlobalSection
	GlobalSection(ProjectConfigurationPlatforms) = postSolution
		{157B6BC3-BC5D-4891-9851-8DA79AA45012}.Debug|Any CPU.ActiveCfg = Debug|Any CPU
		{157B6BC3-BC5D-4891-9851-8DA79AA45012}.Debug|Any CPU.Build.0 = Debug|Any CPU
		{157B6BC3-BC5D-4891-9851-8DA79AA45012}.Debug|x64.ActiveCfg = Debug|Any CPU
		{157B6BC3-BC5D-4891-9851-8DA79AA45012}.Debug|x64.Build.0 = Debug|Any CPU
		{157B6BC3-BC5D-4891-9851-8DA79AA45012}.Debug|x86.ActiveCfg = Debug|Any CPU
		{157B6BC3-BC5D-4891-9851-8DA79AA45012}.Debug|x86.Build.0 = Debug|Any CPU
		{157B6BC3-BC5D-4891-9851-8DA79AA45012}.Release|Any CPU.ActiveCfg = Release|Any CPU
		{157B6BC3-BC5D-4891-9851-8DA79AA45012}.Release|Any CPU.Build.0 = Release|Any CPU
		{157B6BC3-BC5D-4891-9851-8DA79AA45012}.Release|x64.ActiveCfg = Release|Any CPU
		{157B6BC3-BC5D-4891-9851-8DA79AA45012}.Release|x64.Build.0 = Release|Any CPU
		{157B6BC3-BC5D-4891-9851-8DA79AA45012}.Release|x86.ActiveCfg = Release|Any CPU
		{157B6BC3-BC5D-4891-9851-8DA79AA45012}.Release|x86.Build.0 = Release|Any CPU
		{BF513C16-8E4C-403D-B44B-496D2E5F1C58}.Debug|Any CPU.ActiveCfg = Debug|Any CPU
		{BF513C16-8E4C-403D-B44B-496D2E5F1C58}.Debug|Any CPU.Build.0 = Debug|Any CPU
		{BF513C16-8E4C-403D-B44B-496D2E5F1C58}.Debug|x64.ActiveCfg = Debug|Any CPU
		{BF513C16-8E4C-403D-B44B-496D2E5F1C58}.Debug|x64.Build.0 = Debug|Any CPU
		{BF513C16-8E4C-403D-B44B-496D2E5F1C58}.Debug|x86.ActiveCfg = Debug|Any CPU
		{BF513C16-8E4C-403D-B44B-496D2E5F1C58}.Debug|x86.Build.0 = Debug|Any CPU
		{BF513C16-8E4C-403D-B44B-496D2E5F1C58}.Release|Any CPU.ActiveCfg = Release|Any CPU
		{BF513C16-8E4C-403D-B44B-496D2E5F1C58}.Release|Any CPU.Build.0 = Release|Any CPU
		{BF513C16-8E4C-403D-B44B-496D2E5F1C58}.Release|x64.ActiveCfg = Release|Any CPU
		{BF513C16-8E4C-403D-B44B-496D2E5F1C58}.Release|x64.Build.0 = Release|Any CPU
		{BF513C16-8E4C-403D-B44B-496D2E5F1C58}.Release|x86.ActiveCfg = Release|Any CPU
		{BF513C16-8E4C-403D-B44B-496D2E5F1C58}.Release|x86.Build.0 = Release|Any CPU
		{10055AB8-59EA-4240-A079-465408A1CD07}.Debug|Any CPU.ActiveCfg = Debug|Any CPU
		{10055AB8-59EA-4240-A079-465408A1CD07}.Debug|Any CPU.Build.0 = Debug|Any CPU
		{10055AB8-59EA-4240-A079-465408A1CD07}.Debug|x64.ActiveCfg = Debug|Any CPU
		{10055AB8-59EA-4240-A079-465408A1CD07}.Debug|x64.Build.0 = Debug|Any CPU
		{10055AB8-59EA-4240-A079-465408A1CD07}.Debug|x86.ActiveCfg = Debug|Any CPU
		{10055AB8-59EA-4240-A079-465408A1CD07}.Debug|x86.Build.0 = Debug|Any CPU
		{10055AB8-59EA-4240-A079-465408A1CD07}.Release|Any CPU.ActiveCfg = Release|Any CPU
		{10055AB8-59EA-4240-A079-465408A1CD07}.Release|Any CPU.Build.0 = Release|Any CPU
		{10055AB8-59EA-4240-A079-465408A1CD07}.Release|x64.ActiveCfg = Release|Any CPU
		{10055AB8-59EA-4240-A079-465408A1CD07}.Release|x64.Build.0 = Release|Any CPU
		{10055AB8-59EA-4240-A079-465408A1CD07}.Release|x86.ActiveCfg = Release|Any CPU
		{10055AB8-59EA-4240-A079-465408A1CD07}.Release|x86.Build.0 = Release|Any CPU
		{F3958B61-BA70-4FD6-B29F-AAFB987796EE}.Debug|Any CPU.ActiveCfg = Debug|Any CPU
		{F3958B61-BA70-4FD6-B29F-AAFB987796EE}.Debug|Any CPU.Build.0 = Debug|Any CPU
		{F3958B61-BA70-4FD6-B29F-AAFB987796EE}.Debug|x64.ActiveCfg = Debug|Any CPU
		{F3958B61-BA70-4FD6-B29F-AAFB987796EE}.Debug|x64.Build.0 = Debug|Any CPU
		{F3958B61-BA70-4FD6-B29F-AAFB987796EE}.Debug|x86.ActiveCfg = Debug|Any CPU
		{F3958B61-BA70-4FD6-B29F-AAFB987796EE}.Debug|x86.Build.0 = Debug|Any CPU
		{F3958B61-BA70-4FD6-B29F-AAFB987796EE}.Release|Any CPU.ActiveCfg = Release|Any CPU
		{F3958B61-BA70-4FD6-B29F-AAFB987796EE}.Release|Any CPU.Build.0 = Release|Any CPU
		{F3958B61-BA70-4FD6-B29F-AAFB987796EE}.Release|x64.ActiveCfg = Release|Any CPU
		{F3958B61-BA70-4FD6-B29F-AAFB987796EE}.Release|x64.Build.0 = Release|Any CPU
		{F3958B61-BA70-4FD6-B29F-AAFB987796EE}.Release|x86.ActiveCfg = Release|Any CPU
		{F3958B61-BA70-4FD6-B29F-AAFB987796EE}.Release|x86.Build.0 = Release|Any CPU
		{46C76B23-0B36-4DF1-A5B0-E0A91BBB101D}.Debug|Any CPU.ActiveCfg = Debug|Any CPU
		{46C76B23-0B36-4DF1-A5B0-E0A91BBB101D}.Debug|Any CPU.Build.0 = Debug|Any CPU
		{46C76B23-0B36-4DF1-A5B0-E0A91BBB101D}.Debug|x64.ActiveCfg = Debug|Any CPU
		{46C76B23-0B36-4DF1-A5B0-E0A91BBB101D}.Debug|x64.Build.0 = Debug|Any CPU
		{46C76B23-0B36-4DF1-A5B0-E0A91BBB101D}.Debug|x86.ActiveCfg = Debug|Any CPU
		{46C76B23-0B36-4DF1-A5B0-E0A91BBB101D}.Debug|x86.Build.0 = Debug|Any CPU
		{46C76B23-0B36-4DF1-A5B0-E0A91BBB101D}.Release|Any CPU.ActiveCfg = Release|Any CPU
		{46C76B23-0B36-4DF1-A5B0-E0A91BBB101D}.Release|Any CPU.Build.0 = Release|Any CPU
		{46C76B23-0B36-4DF1-A5B0-E0A91BBB101D}.Release|x64.ActiveCfg = Release|Any CPU
		{46C76B23-0B36-4DF1-A5B0-E0A91BBB101D}.Release|x64.Build.0 = Release|Any CPU
		{46C76B23-0B36-4DF1-A5B0-E0A91BBB101D}.Release|x86.ActiveCfg = Release|Any CPU
		{46C76B23-0B36-4DF1-A5B0-E0A91BBB101D}.Release|x86.Build.0 = Release|Any CPU
		{5B775011-2446-413E-9214-DD27F4119C9E}.Debug|Any CPU.ActiveCfg = Debug|Any CPU
		{5B775011-2446-413E-9214-DD27F4119C9E}.Debug|Any CPU.Build.0 = Debug|Any CPU
		{5B775011-2446-413E-9214-DD27F4119C9E}.Debug|x64.ActiveCfg = Debug|Any CPU
		{5B775011-2446-413E-9214-DD27F4119C9E}.Debug|x64.Build.0 = Debug|Any CPU
		{5B775011-2446-413E-9214-DD27F4119C9E}.Debug|x86.ActiveCfg = Debug|Any CPU
		{5B775011-2446-413E-9214-DD27F4119C9E}.Debug|x86.Build.0 = Debug|Any CPU
		{5B775011-2446-413E-9214-DD27F4119C9E}.Release|Any CPU.ActiveCfg = Release|Any CPU
		{5B775011-2446-413E-9214-DD27F4119C9E}.Release|Any CPU.Build.0 = Release|Any CPU
		{5B775011-2446-413E-9214-DD27F4119C9E}.Release|x64.ActiveCfg = Release|Any CPU
		{5B775011-2446-413E-9214-DD27F4119C9E}.Release|x64.Build.0 = Release|Any CPU
		{5B775011-2446-413E-9214-DD27F4119C9E}.Release|x86.ActiveCfg = Release|Any CPU
		{5B775011-2446-413E-9214-DD27F4119C9E}.Release|x86.Build.0 = Release|Any CPU
		{7B33B06F-ADA6-4D92-AB64-93F456BDD611}.Debug|Any CPU.ActiveCfg = Debug|Any CPU
		{7B33B06F-ADA6-4D92-AB64-93F456BDD611}.Debug|Any CPU.Build.0 = Debug|Any CPU
		{7B33B06F-ADA6-4D92-AB64-93F456BDD611}.Debug|x64.ActiveCfg = Debug|Any CPU
		{7B33B06F-ADA6-4D92-AB64-93F456BDD611}.Debug|x64.Build.0 = Debug|Any CPU
		{7B33B06F-ADA6-4D92-AB64-93F456BDD611}.Debug|x86.ActiveCfg = Debug|Any CPU
		{7B33B06F-ADA6-4D92-AB64-93F456BDD611}.Debug|x86.Build.0 = Debug|Any CPU
		{7B33B06F-ADA6-4D92-AB64-93F456BDD611}.Release|Any CPU.ActiveCfg = Release|Any CPU
		{7B33B06F-ADA6-4D92-AB64-93F456BDD611}.Release|Any CPU.Build.0 = Release|Any CPU
		{7B33B06F-ADA6-4D92-AB64-93F456BDD611}.Release|x64.ActiveCfg = Release|Any CPU
		{7B33B06F-ADA6-4D92-AB64-93F456BDD611}.Release|x64.Build.0 = Release|Any CPU
		{7B33B06F-ADA6-4D92-AB64-93F456BDD611}.Release|x86.ActiveCfg = Release|Any CPU
		{7B33B06F-ADA6-4D92-AB64-93F456BDD611}.Release|x86.Build.0 = Release|Any CPU
		{A4395A63-5ED0-4020-A5DD-BB6F3451F73A}.Debug|Any CPU.ActiveCfg = Debug|Any CPU
		{A4395A63-5ED0-4020-A5DD-BB6F3451F73A}.Debug|Any CPU.Build.0 = Debug|Any CPU
		{A4395A63-5ED0-4020-A5DD-BB6F3451F73A}.Debug|x64.ActiveCfg = Debug|Any CPU
		{A4395A63-5ED0-4020-A5DD-BB6F3451F73A}.Debug|x64.Build.0 = Debug|Any CPU
		{A4395A63-5ED0-4020-A5DD-BB6F3451F73A}.Debug|x86.ActiveCfg = Debug|Any CPU
		{A4395A63-5ED0-4020-A5DD-BB6F3451F73A}.Debug|x86.Build.0 = Debug|Any CPU
		{A4395A63-5ED0-4020-A5DD-BB6F3451F73A}.Release|Any CPU.ActiveCfg = Release|Any CPU
		{A4395A63-5ED0-4020-A5DD-BB6F3451F73A}.Release|Any CPU.Build.0 = Release|Any CPU
		{A4395A63-5ED0-4020-A5DD-BB6F3451F73A}.Release|x64.ActiveCfg = Release|Any CPU
		{A4395A63-5ED0-4020-A5DD-BB6F3451F73A}.Release|x64.Build.0 = Release|Any CPU
		{A4395A63-5ED0-4020-A5DD-BB6F3451F73A}.Release|x86.ActiveCfg = Release|Any CPU
		{A4395A63-5ED0-4020-A5DD-BB6F3451F73A}.Release|x86.Build.0 = Release|Any CPU
		{7E8DE73C-E489-40D6-A6A3-03B80650ED50}.Debug|Any CPU.ActiveCfg = Debug|Any CPU
		{7E8DE73C-E489-40D6-A6A3-03B80650ED50}.Debug|Any CPU.Build.0 = Debug|Any CPU
		{7E8DE73C-E489-40D6-A6A3-03B80650ED50}.Debug|x64.ActiveCfg = Debug|Any CPU
		{7E8DE73C-E489-40D6-A6A3-03B80650ED50}.Debug|x64.Build.0 = Debug|Any CPU
		{7E8DE73C-E489-40D6-A6A3-03B80650ED50}.Debug|x86.ActiveCfg = Debug|Any CPU
		{7E8DE73C-E489-40D6-A6A3-03B80650ED50}.Debug|x86.Build.0 = Debug|Any CPU
		{7E8DE73C-E489-40D6-A6A3-03B80650ED50}.Release|Any CPU.ActiveCfg = Release|Any CPU
		{7E8DE73C-E489-40D6-A6A3-03B80650ED50}.Release|Any CPU.Build.0 = Release|Any CPU
		{7E8DE73C-E489-40D6-A6A3-03B80650ED50}.Release|x64.ActiveCfg = Release|Any CPU
		{7E8DE73C-E489-40D6-A6A3-03B80650ED50}.Release|x64.Build.0 = Release|Any CPU
		{7E8DE73C-E489-40D6-A6A3-03B80650ED50}.Release|x86.ActiveCfg = Release|Any CPU
		{7E8DE73C-E489-40D6-A6A3-03B80650ED50}.Release|x86.Build.0 = Release|Any CPU
		{12CCDD6F-2F96-4046-8521-B0CF0E2D18B5}.Debug|Any CPU.ActiveCfg = Debug|Any CPU
		{12CCDD6F-2F96-4046-8521-B0CF0E2D18B5}.Debug|Any CPU.Build.0 = Debug|Any CPU
		{12CCDD6F-2F96-4046-8521-B0CF0E2D18B5}.Debug|x64.ActiveCfg = Debug|Any CPU
		{12CCDD6F-2F96-4046-8521-B0CF0E2D18B5}.Debug|x64.Build.0 = Debug|Any CPU
		{12CCDD6F-2F96-4046-8521-B0CF0E2D18B5}.Debug|x86.ActiveCfg = Debug|Any CPU
		{12CCDD6F-2F96-4046-8521-B0CF0E2D18B5}.Debug|x86.Build.0 = Debug|Any CPU
		{12CCDD6F-2F96-4046-8521-B0CF0E2D18B5}.Release|Any CPU.ActiveCfg = Release|Any CPU
		{12CCDD6F-2F96-4046-8521-B0CF0E2D18B5}.Release|Any CPU.Build.0 = Release|Any CPU
		{12CCDD6F-2F96-4046-8521-B0CF0E2D18B5}.Release|x64.ActiveCfg = Release|Any CPU
		{12CCDD6F-2F96-4046-8521-B0CF0E2D18B5}.Release|x64.Build.0 = Release|Any CPU
		{12CCDD6F-2F96-4046-8521-B0CF0E2D18B5}.Release|x86.ActiveCfg = Release|Any CPU
		{12CCDD6F-2F96-4046-8521-B0CF0E2D18B5}.Release|x86.Build.0 = Release|Any CPU
		{60DAB4C6-A44D-43BF-96CF-306AA7A40762}.Debug|Any CPU.ActiveCfg = Debug|Any CPU
		{60DAB4C6-A44D-43BF-96CF-306AA7A40762}.Debug|Any CPU.Build.0 = Debug|Any CPU
		{60DAB4C6-A44D-43BF-96CF-306AA7A40762}.Debug|x64.ActiveCfg = Debug|Any CPU
		{60DAB4C6-A44D-43BF-96CF-306AA7A40762}.Debug|x64.Build.0 = Debug|Any CPU
		{60DAB4C6-A44D-43BF-96CF-306AA7A40762}.Debug|x86.ActiveCfg = Debug|Any CPU
		{60DAB4C6-A44D-43BF-96CF-306AA7A40762}.Debug|x86.Build.0 = Debug|Any CPU
		{60DAB4C6-A44D-43BF-96CF-306AA7A40762}.Release|Any CPU.ActiveCfg = Release|Any CPU
		{60DAB4C6-A44D-43BF-96CF-306AA7A40762}.Release|Any CPU.Build.0 = Release|Any CPU
		{60DAB4C6-A44D-43BF-96CF-306AA7A40762}.Release|x64.ActiveCfg = Release|Any CPU
		{60DAB4C6-A44D-43BF-96CF-306AA7A40762}.Release|x64.Build.0 = Release|Any CPU
		{60DAB4C6-A44D-43BF-96CF-306AA7A40762}.Release|x86.ActiveCfg = Release|Any CPU
		{60DAB4C6-A44D-43BF-96CF-306AA7A40762}.Release|x86.Build.0 = Release|Any CPU
		{A22D1777-F42B-4F51-B390-3536437F9ACD}.Debug|Any CPU.ActiveCfg = Debug|Any CPU
		{A22D1777-F42B-4F51-B390-3536437F9ACD}.Debug|Any CPU.Build.0 = Debug|Any CPU
		{A22D1777-F42B-4F51-B390-3536437F9ACD}.Debug|x64.ActiveCfg = Debug|Any CPU
		{A22D1777-F42B-4F51-B390-3536437F9ACD}.Debug|x64.Build.0 = Debug|Any CPU
		{A22D1777-F42B-4F51-B390-3536437F9ACD}.Debug|x86.ActiveCfg = Debug|Any CPU
		{A22D1777-F42B-4F51-B390-3536437F9ACD}.Debug|x86.Build.0 = Debug|Any CPU
		{A22D1777-F42B-4F51-B390-3536437F9ACD}.Release|Any CPU.ActiveCfg = Release|Any CPU
		{A22D1777-F42B-4F51-B390-3536437F9ACD}.Release|Any CPU.Build.0 = Release|Any CPU
		{A22D1777-F42B-4F51-B390-3536437F9ACD}.Release|x64.ActiveCfg = Release|Any CPU
		{A22D1777-F42B-4F51-B390-3536437F9ACD}.Release|x64.Build.0 = Release|Any CPU
		{A22D1777-F42B-4F51-B390-3536437F9ACD}.Release|x86.ActiveCfg = Release|Any CPU
		{A22D1777-F42B-4F51-B390-3536437F9ACD}.Release|x86.Build.0 = Release|Any CPU
		{4487F2FC-2DAD-4EE9-AE0F-9BB1AE6DFE56}.Debug|Any CPU.ActiveCfg = Debug|Any CPU
		{4487F2FC-2DAD-4EE9-AE0F-9BB1AE6DFE56}.Debug|Any CPU.Build.0 = Debug|Any CPU
		{4487F2FC-2DAD-4EE9-AE0F-9BB1AE6DFE56}.Debug|x64.ActiveCfg = Debug|Any CPU
		{4487F2FC-2DAD-4EE9-AE0F-9BB1AE6DFE56}.Debug|x64.Build.0 = Debug|Any CPU
		{4487F2FC-2DAD-4EE9-AE0F-9BB1AE6DFE56}.Debug|x86.ActiveCfg = Debug|Any CPU
		{4487F2FC-2DAD-4EE9-AE0F-9BB1AE6DFE56}.Debug|x86.Build.0 = Debug|Any CPU
		{4487F2FC-2DAD-4EE9-AE0F-9BB1AE6DFE56}.Release|Any CPU.ActiveCfg = Release|Any CPU
		{4487F2FC-2DAD-4EE9-AE0F-9BB1AE6DFE56}.Release|Any CPU.Build.0 = Release|Any CPU
		{4487F2FC-2DAD-4EE9-AE0F-9BB1AE6DFE56}.Release|x64.ActiveCfg = Release|Any CPU
		{4487F2FC-2DAD-4EE9-AE0F-9BB1AE6DFE56}.Release|x64.Build.0 = Release|Any CPU
		{4487F2FC-2DAD-4EE9-AE0F-9BB1AE6DFE56}.Release|x86.ActiveCfg = Release|Any CPU
		{4487F2FC-2DAD-4EE9-AE0F-9BB1AE6DFE56}.Release|x86.Build.0 = Release|Any CPU
		{CC8C2B41-C59B-403F-8AC9-CD00FCE0785B}.Debug|Any CPU.ActiveCfg = Debug|Any CPU
		{CC8C2B41-C59B-403F-8AC9-CD00FCE0785B}.Debug|Any CPU.Build.0 = Debug|Any CPU
		{CC8C2B41-C59B-403F-8AC9-CD00FCE0785B}.Debug|x64.ActiveCfg = Debug|Any CPU
		{CC8C2B41-C59B-403F-8AC9-CD00FCE0785B}.Debug|x64.Build.0 = Debug|Any CPU
		{CC8C2B41-C59B-403F-8AC9-CD00FCE0785B}.Debug|x86.ActiveCfg = Debug|Any CPU
		{CC8C2B41-C59B-403F-8AC9-CD00FCE0785B}.Debug|x86.Build.0 = Debug|Any CPU
		{CC8C2B41-C59B-403F-8AC9-CD00FCE0785B}.Release|Any CPU.ActiveCfg = Release|Any CPU
		{CC8C2B41-C59B-403F-8AC9-CD00FCE0785B}.Release|Any CPU.Build.0 = Release|Any CPU
		{CC8C2B41-C59B-403F-8AC9-CD00FCE0785B}.Release|x64.ActiveCfg = Release|Any CPU
		{CC8C2B41-C59B-403F-8AC9-CD00FCE0785B}.Release|x64.Build.0 = Release|Any CPU
		{CC8C2B41-C59B-403F-8AC9-CD00FCE0785B}.Release|x86.ActiveCfg = Release|Any CPU
		{CC8C2B41-C59B-403F-8AC9-CD00FCE0785B}.Release|x86.Build.0 = Release|Any CPU
		{8A229166-A2AF-4B15-9F71-06FFA18D1451}.Debug|Any CPU.ActiveCfg = Debug|Any CPU
		{8A229166-A2AF-4B15-9F71-06FFA18D1451}.Debug|Any CPU.Build.0 = Debug|Any CPU
		{8A229166-A2AF-4B15-9F71-06FFA18D1451}.Debug|x64.ActiveCfg = Debug|Any CPU
		{8A229166-A2AF-4B15-9F71-06FFA18D1451}.Debug|x64.Build.0 = Debug|Any CPU
		{8A229166-A2AF-4B15-9F71-06FFA18D1451}.Debug|x86.ActiveCfg = Debug|Any CPU
		{8A229166-A2AF-4B15-9F71-06FFA18D1451}.Debug|x86.Build.0 = Debug|Any CPU
		{8A229166-A2AF-4B15-9F71-06FFA18D1451}.Release|Any CPU.ActiveCfg = Release|Any CPU
		{8A229166-A2AF-4B15-9F71-06FFA18D1451}.Release|Any CPU.Build.0 = Release|Any CPU
		{8A229166-A2AF-4B15-9F71-06FFA18D1451}.Release|x64.ActiveCfg = Release|Any CPU
		{8A229166-A2AF-4B15-9F71-06FFA18D1451}.Release|x64.Build.0 = Release|Any CPU
		{8A229166-A2AF-4B15-9F71-06FFA18D1451}.Release|x86.ActiveCfg = Release|Any CPU
		{8A229166-A2AF-4B15-9F71-06FFA18D1451}.Release|x86.Build.0 = Release|Any CPU
	EndGlobalSection
	GlobalSection(SolutionProperties) = preSolution
		HideSolutionNode = FALSE
	EndGlobalSection
	GlobalSection(NestedProjects) = preSolution
		{0F9113EE-888A-26D2-68B0-4A7D0A2A8745} = {1AE8ACA6-933B-BF2A-3671-3E2EAC007D16}
		{425C250F-E816-845E-44C6-3AC07E40729B} = {0F9113EE-888A-26D2-68B0-4A7D0A2A8745}
		{157B6BC3-BC5D-4891-9851-8DA79AA45012} = {425C250F-E816-845E-44C6-3AC07E40729B}
		{E67A9407-3F77-8E1E-44C0-D60C1E808A95} = {0F9113EE-888A-26D2-68B0-4A7D0A2A8745}
		{7C232B9E-AA35-B6C2-1ABE-463A14722494} = {E67A9407-3F77-8E1E-44C0-D60C1E808A95}
		{BF513C16-8E4C-403D-B44B-496D2E5F1C58} = {7C232B9E-AA35-B6C2-1ABE-463A14722494}
		{10055AB8-59EA-4240-A079-465408A1CD07} = {7C232B9E-AA35-B6C2-1ABE-463A14722494}
		{F3958B61-BA70-4FD6-B29F-AAFB987796EE} = {7C232B9E-AA35-B6C2-1ABE-463A14722494}
		{76B2555C-40C5-6DDC-AC62-1CD480198F1A} = {0F9113EE-888A-26D2-68B0-4A7D0A2A8745}
		{46C76B23-0B36-4DF1-A5B0-E0A91BBB101D} = {76B2555C-40C5-6DDC-AC62-1CD480198F1A}
		{5B775011-2446-413E-9214-DD27F4119C9E} = {76B2555C-40C5-6DDC-AC62-1CD480198F1A}
		{CE56B176-1D5C-C088-ADA7-945AB1CBA179} = {E67A9407-3F77-8E1E-44C0-D60C1E808A95}
		{7B33B06F-ADA6-4D92-AB64-93F456BDD611} = {CE56B176-1D5C-C088-ADA7-945AB1CBA179}
		{A4395A63-5ED0-4020-A5DD-BB6F3451F73A} = {CE56B176-1D5C-C088-ADA7-945AB1CBA179}
		{55A2B642-38B0-92F8-BE2F-C6DE7635A763} = {E67A9407-3F77-8E1E-44C0-D60C1E808A95}
		{7E8DE73C-E489-40D6-A6A3-03B80650ED50} = {55A2B642-38B0-92F8-BE2F-C6DE7635A763}
		{12CCDD6F-2F96-4046-8521-B0CF0E2D18B5} = {55A2B642-38B0-92F8-BE2F-C6DE7635A763}
		{60DAB4C6-A44D-43BF-96CF-306AA7A40762} = {CE56B176-1D5C-C088-ADA7-945AB1CBA179}
		{A22D1777-F42B-4F51-B390-3536437F9ACD} = {55A2B642-38B0-92F8-BE2F-C6DE7635A763}
		{F57642F3-C37C-D174-720E-6A6AAD5BEE22} = {1AE8ACA6-933B-BF2A-3671-3E2EAC007D16}
		{4487F2FC-2DAD-4EE9-AE0F-9BB1AE6DFE56} = {F57642F3-C37C-D174-720E-6A6AAD5BEE22}
		{CC8C2B41-C59B-403F-8AC9-CD00FCE0785B} = {F57642F3-C37C-D174-720E-6A6AAD5BEE22}
		{8A229166-A2AF-4B15-9F71-06FFA18D1451} = {F57642F3-C37C-D174-720E-6A6AAD5BEE22}
	EndGlobalSection
EndGlobal
